// !$*UTF8*$!
{
	archiveVersion = 1;
	classes = {
	};
	objectVersion = 50;
	objects = {

/* Begin PBXBuildFile section */
		0E07085D262F3FDA00C8389E /* LandmarksApp.swift in Sources */ = {isa = PBXBuildFile; fileRef = 0E07085C262F3FDA00C8389E /* LandmarksApp.swift */; };
		0E07085F262F3FDA00C8389E /* ContentView.swift in Sources */ = {isa = PBXBuildFile; fileRef = 0E07085E262F3FDA00C8389E /* ContentView.swift */; };
		0E070861262F3FE000C8389E /* Assets.xcassets in Resources */ = {isa = PBXBuildFile; fileRef = 0E070860262F3FE000C8389E /* Assets.xcassets */; };
		0E070864262F3FE000C8389E /* Preview Assets.xcassets in Resources */ = {isa = PBXBuildFile; fileRef = 0E070863262F3FE000C8389E /* Preview Assets.xcassets */; };
		0E07086D262F4AA200C8389E /* landmarkData.json in Resources */ = {isa = PBXBuildFile; fileRef = 0E07086C262F4AA200C8389E /* landmarkData.json */; };
		0E070870262F4B2100C8389E /* LandmarkModel.swift in Sources */ = {isa = PBXBuildFile; fileRef = 0E07086F262F4B2100C8389E /* LandmarkModel.swift */; };
		0E184F5D262F57CA00E2B184 /* Service.swift in Sources */ = {isa = PBXBuildFile; fileRef = 0E184F5C262F57CA00E2B184 /* Service.swift */; };
		0E184F66262F59DD00E2B184 /* CircleImage.swift in Sources */ = {isa = PBXBuildFile; fileRef = 0E184F65262F59DD00E2B184 /* CircleImage.swift */; };
		0E184F6A262F59E700E2B184 /* MapView.swift in Sources */ = {isa = PBXBuildFile; fileRef = 0E184F69262F59E700E2B184 /* MapView.swift */; };
		0E184F6D262F5A6B00E2B184 /* LandmarkRow.swift in Sources */ = {isa = PBXBuildFile; fileRef = 0E184F6C262F5A6B00E2B184 /* LandmarkRow.swift */; };
		0E184F75262F5B8D00E2B184 /* LandmarkList.swift in Sources */ = {isa = PBXBuildFile; fileRef = 0E184F74262F5B8D00E2B184 /* LandmarkList.swift */; };
		0E184F78262F648300E2B184 /* LandmarkDetail.swift in Sources */ = {isa = PBXBuildFile; fileRef = 0E184F77262F648300E2B184 /* LandmarkDetail.swift */; };
		0E55D6AE2630703A00423F8C /* FavoriteButton.swift in Sources */ = {isa = PBXBuildFile; fileRef = 0E55D6AD2630703A00423F8C /* FavoriteButton.swift */; };
/* End PBXBuildFile section */

/* Begin PBXFileReference section */
		0E070859262F3FD900C8389E /* Landmarks.app */ = {isa = PBXFileReference; explicitFileType = wrapper.application; includeInIndex = 0; path = Landmarks.app; sourceTree = BUILT_PRODUCTS_DIR; };
		0E07085C262F3FDA00C8389E /* LandmarksApp.swift */ = {isa = PBXFileReference; lastKnownFileType = sourcecode.swift; path = LandmarksApp.swift; sourceTree = "<group>"; };
		0E07085E262F3FDA00C8389E /* ContentView.swift */ = {isa = PBXFileReference; lastKnownFileType = sourcecode.swift; path = ContentView.swift; sourceTree = "<group>"; };
		0E070860262F3FE000C8389E /* Assets.xcassets */ = {isa = PBXFileReference; lastKnownFileType = folder.assetcatalog; path = Assets.xcassets; sourceTree = "<group>"; };
		0E070863262F3FE000C8389E /* Preview Assets.xcassets */ = {isa = PBXFileReference; lastKnownFileType = folder.assetcatalog; path = "Preview Assets.xcassets"; sourceTree = "<group>"; };
		0E070865262F3FE000C8389E /* Info.plist */ = {isa = PBXFileReference; lastKnownFileType = text.plist.xml; path = Info.plist; sourceTree = "<group>"; };
		0E07086C262F4AA200C8389E /* landmarkData.json */ = {isa = PBXFileReference; fileEncoding = 4; lastKnownFileType = text.json; path = landmarkData.json; sourceTree = "<group>"; };
		0E07086F262F4B2100C8389E /* LandmarkModel.swift */ = {isa = PBXFileReference; lastKnownFileType = sourcecode.swift; path = LandmarkModel.swift; sourceTree = "<group>"; };
		0E184F5C262F57CA00E2B184 /* Service.swift */ = {isa = PBXFileReference; lastKnownFileType = sourcecode.swift; path = Service.swift; sourceTree = "<group>"; };
		0E184F65262F59DD00E2B184 /* CircleImage.swift */ = {isa = PBXFileReference; lastKnownFileType = sourcecode.swift; path = CircleImage.swift; sourceTree = "<group>"; };
		0E184F69262F59E700E2B184 /* MapView.swift */ = {isa = PBXFileReference; lastKnownFileType = sourcecode.swift; path = MapView.swift; sourceTree = "<group>"; };
		0E184F6C262F5A6B00E2B184 /* LandmarkRow.swift */ = {isa = PBXFileReference; lastKnownFileType = sourcecode.swift; path = LandmarkRow.swift; sourceTree = "<group>"; };
		0E184F74262F5B8D00E2B184 /* LandmarkList.swift */ = {isa = PBXFileReference; lastKnownFileType = sourcecode.swift; path = LandmarkList.swift; sourceTree = "<group>"; };
		0E184F77262F648300E2B184 /* LandmarkDetail.swift */ = {isa = PBXFileReference; lastKnownFileType = sourcecode.swift; path = LandmarkDetail.swift; sourceTree = "<group>"; };
		0E55D6AD2630703A00423F8C /* FavoriteButton.swift */ = {isa = PBXFileReference; lastKnownFileType = sourcecode.swift; path = FavoriteButton.swift; sourceTree = "<group>"; };
/* End PBXFileReference section */

/* Begin PBXFrameworksBuildPhase section */
		0E070856262F3FD900C8389E /* Frameworks */ = {
			isa = PBXFrameworksBuildPhase;
			buildActionMask = 2147483647;
			files = (
			);
			runOnlyForDeploymentPostprocessing = 0;
		};
/* End PBXFrameworksBuildPhase section */

/* Begin PBXGroup section */
		0E070850262F3FD900C8389E = {
			isa = PBXGroup;
			children = (
				0E07085B262F3FD900C8389E /* Landmarks */,
				0E07085A262F3FD900C8389E /* Products */,
			);
			sourceTree = "<group>";
		};
		0E07085A262F3FD900C8389E /* Products */ = {
			isa = PBXGroup;
			children = (
				0E070859262F3FD900C8389E /* Landmarks.app */,
			);
			name = Products;
			sourceTree = "<group>";
		};
		0E07085B262F3FD900C8389E /* Landmarks */ = {
			isa = PBXGroup;
			children = (
				0E55D6B02630717000423F8C /* Helpers */,
				0E184F5F262F58B900E2B184 /* Views */,
				0E070874262F4B3D00C8389E /* Model */,
				0E184F64262F59BD00E2B184 /* Resources */,
				0E184F5B262F57B500E2B184 /* Services */,
				0E07085C262F3FDA00C8389E /* LandmarksApp.swift */,
				0E070860262F3FE000C8389E /* Assets.xcassets */,
				0E070865262F3FE000C8389E /* Info.plist */,
				0E070862262F3FE000C8389E /* Preview Content */,
			);
			path = Landmarks;
			sourceTree = "<group>";
		};
		0E070862262F3FE000C8389E /* Preview Content */ = {
			isa = PBXGroup;
			children = (
				0E070863262F3FE000C8389E /* Preview Assets.xcassets */,
			);
			path = "Preview Content";
			sourceTree = "<group>";
		};
		0E070874262F4B3D00C8389E /* Model */ = {
			isa = PBXGroup;
			children = (
				0E07086F262F4B2100C8389E /* LandmarkModel.swift */,
			);
			path = Model;
			sourceTree = "<group>";
		};
		0E184F5B262F57B500E2B184 /* Services */ = {
			isa = PBXGroup;
			children = (
				0E184F5C262F57CA00E2B184 /* Service.swift */,
			);
			path = Services;
			sourceTree = "<group>";
		};
		0E184F5F262F58B900E2B184 /* Views */ = {
			isa = PBXGroup;
			children = (
				0E07085E262F3FDA00C8389E /* ContentView.swift */,
				0E184F6C262F5A6B00E2B184 /* LandmarkRow.swift */,
				0E184F74262F5B8D00E2B184 /* LandmarkList.swift */,
				0E184F77262F648300E2B184 /* LandmarkDetail.swift */,
			);
			path = Views;
			sourceTree = "<group>";
		};
		0E184F64262F59BD00E2B184 /* Resources */ = {
			isa = PBXGroup;
			children = (
				0E07086C262F4AA200C8389E /* landmarkData.json */,
			);
			path = Resources;
			sourceTree = "<group>";
		};
		0E55D6B02630717000423F8C /* Helpers */ = {
			isa = PBXGroup;
			children = (
				0E184F65262F59DD00E2B184 /* CircleImage.swift */,
				0E184F69262F59E700E2B184 /* MapView.swift */,
				0E55D6AD2630703A00423F8C /* FavoriteButton.swift */,
			);
			path = Helpers;
			sourceTree = "<group>";
		};
/* End PBXGroup section */

/* Begin PBXNativeTarget section */
		0E070858262F3FD900C8389E /* Landmarks */ = {
			isa = PBXNativeTarget;
			buildConfigurationList = 0E070868262F3FE000C8389E /* Build configuration list for PBXNativeTarget "Landmarks" */;
			buildPhases = (
				0E070855262F3FD900C8389E /* Sources */,
				0E070856262F3FD900C8389E /* Frameworks */,
				0E070857262F3FD900C8389E /* Resources */,
			);
			buildRules = (
			);
			dependencies = (
			);
			name = Landmarks;
			productName = Landmarks;
			productReference = 0E070859262F3FD900C8389E /* Landmarks.app */;
			productType = "com.apple.product-type.application";
		};
/* End PBXNativeTarget section */

/* Begin PBXProject section */
		0E070851262F3FD900C8389E /* Project object */ = {
			isa = PBXProject;
			attributes = {
				LastSwiftUpdateCheck = 1240;
				LastUpgradeCheck = 1240;
				TargetAttributes = {
					0E070858262F3FD900C8389E = {
						CreatedOnToolsVersion = 12.4;
					};
				};
			};
			buildConfigurationList = 0E070854262F3FD900C8389E /* Build configuration list for PBXProject "Landmarks" */;
			compatibilityVersion = "Xcode 9.3";
			developmentRegion = en;
			hasScannedForEncodings = 0;
			knownRegions = (
				en,
				Base,
			);
			mainGroup = 0E070850262F3FD900C8389E;
			productRefGroup = 0E07085A262F3FD900C8389E /* Products */;
			projectDirPath = "";
			projectRoot = "";
			targets = (
				0E070858262F3FD900C8389E /* Landmarks */,
			);
		};
/* End PBXProject section */

/* Begin PBXResourcesBuildPhase section */
		0E070857262F3FD900C8389E /* Resources */ = {
			isa = PBXResourcesBuildPhase;
			buildActionMask = 2147483647;
			files = (
				0E070864262F3FE000C8389E /* Preview Assets.xcassets in Resources */,
				0E070861262F3FE000C8389E /* Assets.xcassets in Resources */,
				0E07086D262F4AA200C8389E /* landmarkData.json in Resources */,
			);
			runOnlyForDeploymentPostprocessing = 0;
		};
/* End PBXResourcesBuildPhase section */

/* Begin PBXSourcesBuildPhase section */
		0E070855262F3FD900C8389E /* Sources */ = {
			isa = PBXSourcesBuildPhase;
			buildActionMask = 2147483647;
			files = (
				0E184F6A262F59E700E2B184 /* MapView.swift in Sources */,
				0E07085F262F3FDA00C8389E /* ContentView.swift in Sources */,
				0E184F5D262F57CA00E2B184 /* Service.swift in Sources */,
				0E55D6AE2630703A00423F8C /* FavoriteButton.swift in Sources */,
				0E184F75262F5B8D00E2B184 /* LandmarkList.swift in Sources */,
				0E184F78262F648300E2B184 /* LandmarkDetail.swift in Sources */,
				0E07085D262F3FDA00C8389E /* LandmarksApp.swift in Sources */,
				0E070870262F4B2100C8389E /* LandmarkModel.swift in Sources */,
				0E184F6D262F5A6B00E2B184 /* LandmarkRow.swift in Sources */,
				0E184F66262F59DD00E2B184 /* CircleImage.swift in Sources */,
			);
			runOnlyForDeploymentPostprocessing = 0;
		};
/* End PBXSourcesBuildPhase section */

/* Begin XCBuildConfiguration section */
		0E070866262F3FE000C8389E /* Debug */ = {
			isa = XCBuildConfiguration;
			buildSettings = {
				ALWAYS_SEARCH_USER_PATHS = NO;
				CLANG_ANALYZER_NONNULL = YES;
				CLANG_ANALYZER_NUMBER_OBJECT_CONVERSION = YES_AGGRESSIVE;
				CLANG_CXX_LANGUAGE_STANDARD = "gnu++14";
				CLANG_CXX_LIBRARY = "libc++";
				CLANG_ENABLE_MODULES = YES;
				CLANG_ENABLE_OBJC_ARC = YES;
				CLANG_ENABLE_OBJC_WEAK = YES;
				CLANG_WARN_BLOCK_CAPTURE_AUTORELEASING = YES;
				CLANG_WARN_BOOL_CONVERSION = YES;
				CLANG_WARN_COMMA = YES;
				CLANG_WARN_CONSTANT_CONVERSION = YES;
				CLANG_WARN_DEPRECATED_OBJC_IMPLEMENTATIONS = YES;
				CLANG_WARN_DIRECT_OBJC_ISA_USAGE = YES_ERROR;
				CLANG_WARN_DOCUMENTATION_COMMENTS = YES;
				CLANG_WARN_EMPTY_BODY = YES;
				CLANG_WARN_ENUM_CONVERSION = YES;
				CLANG_WARN_INFINITE_RECURSION = YES;
				CLANG_WARN_INT_CONVERSION = YES;
				CLANG_WARN_NON_LITERAL_NULL_CONVERSION = YES;
				CLANG_WARN_OBJC_IMPLICIT_RETAIN_SELF = YES;
				CLANG_WARN_OBJC_LITERAL_CONVERSION = YES;
				CLANG_WARN_OBJC_ROOT_CLASS = YES_ERROR;
				CLANG_WARN_QUOTED_INCLUDE_IN_FRAMEWORK_HEADER = YES;
				CLANG_WARN_RANGE_LOOP_ANALYSIS = YES;
				CLANG_WARN_STRICT_PROTOTYPES = YES;
				CLANG_WARN_SUSPICIOUS_MOVE = YES;
				CLANG_WARN_UNGUARDED_AVAILABILITY = YES_AGGRESSIVE;
				CLANG_WARN_UNREACHABLE_CODE = YES;
				CLANG_WARN__DUPLICATE_METHOD_MATCH = YES;
				COPY_PHASE_STRIP = NO;
				DEBUG_INFORMATION_FORMAT = dwarf;
				ENABLE_STRICT_OBJC_MSGSEND = YES;
				ENABLE_TESTABILITY = YES;
				GCC_C_LANGUAGE_STANDARD = gnu11;
				GCC_DYNAMIC_NO_PIC = NO;
				GCC_NO_COMMON_BLOCKS = YES;
				GCC_OPTIMIZATION_LEVEL = 0;
				GCC_PREPROCESSOR_DEFINITIONS = (
					"DEBUG=1",
					"$(inherited)",
				);
				GCC_WARN_64_TO_32_BIT_CONVERSION = YES;
				GCC_WARN_ABOUT_RETURN_TYPE = YES_ERROR;
				GCC_WARN_UNDECLARED_SELECTOR = YES;
				GCC_WARN_UNINITIALIZED_AUTOS = YES_AGGRESSIVE;
				GCC_WARN_UNUSED_FUNCTION = YES;
				GCC_WARN_UNUSED_VARIABLE = YES;
				IPHONEOS_DEPLOYMENT_TARGET = 14.4;
				MTL_ENABLE_DEBUG_INFO = INCLUDE_SOURCE;
				MTL_FAST_MATH = YES;
				ONLY_ACTIVE_ARCH = YES;
				SDKROOT = iphoneos;
				SWIFT_ACTIVE_COMPILATION_CONDITIONS = DEBUG;
				SWIFT_OPTIMIZATION_LEVEL = "-Onone";
			};
			name = Debug;
		};
		0E070867262F3FE000C8389E /* Release */ = {
			isa = XCBuildConfiguration;
			buildSettings = {
				ALWAYS_SEARCH_USER_PATHS = NO;
				CLANG_ANALYZER_NONNULL = YES;
				CLANG_ANALYZER_NUMBER_OBJECT_CONVERSION = YES_AGGRESSIVE;
				CLANG_CXX_LANGUAGE_STANDARD = "gnu++14";
				CLANG_CXX_LIBRARY = "libc++";
				CLANG_ENABLE_MODULES = YES;
				CLANG_ENABLE_OBJC_ARC = YES;
				CLANG_ENABLE_OBJC_WEAK = YES;
				CLANG_WARN_BLOCK_CAPTURE_AUTORELEASING = YES;
				CLANG_WARN_BOOL_CONVERSION = YES;
				CLANG_WARN_COMMA = YES;
				CLANG_WARN_CONSTANT_CONVERSION = YES;
				CLANG_WARN_DEPRECATED_OBJC_IMPLEMENTATIONS = YES;
				CLANG_WARN_DIRECT_OBJC_ISA_USAGE = YES_ERROR;
				CLANG_WARN_DOCUMENTATION_COMMENTS = YES;
				CLANG_WARN_EMPTY_BODY = YES;
				CLANG_WARN_ENUM_CONVERSION = YES;
				CLANG_WARN_INFINITE_RECURSION = YES;
				CLANG_WARN_INT_CONVERSION = YES;
				CLANG_WARN_NON_LITERAL_NULL_CONVERSION = YES;
				CLANG_WARN_OBJC_IMPLICIT_RETAIN_SELF = YES;
				CLANG_WARN_OBJC_LITERAL_CONVERSION = YES;
				CLANG_WARN_OBJC_ROOT_CLASS = YES_ERROR;
				CLANG_WARN_QUOTED_INCLUDE_IN_FRAMEWORK_HEADER = YES;
				CLANG_WARN_RANGE_LOOP_ANALYSIS = YES;
				CLANG_WARN_STRICT_PROTOTYPES = YES;
				CLANG_WARN_SUSPICIOUS_MOVE = YES;
				CLANG_WARN_UNGUARDED_AVAILABILITY = YES_AGGRESSIVE;
				CLANG_WARN_UNREACHABLE_CODE = YES;
				CLANG_WARN__DUPLICATE_METHOD_MATCH = YES;
				COPY_PHASE_STRIP = NO;
				DEBUG_INFORMATION_FORMAT = "dwarf-with-dsym";
				ENABLE_NS_ASSERTIONS = NO;
				ENABLE_STRICT_OBJC_MSGSEND = YES;
				GCC_C_LANGUAGE_STANDARD = gnu11;
				GCC_NO_COMMON_BLOCKS = YES;
				GCC_WARN_64_TO_32_BIT_CONVERSION = YES;
				GCC_WARN_ABOUT_RETURN_TYPE = YES_ERROR;
				GCC_WARN_UNDECLARED_SELECTOR = YES;
				GCC_WARN_UNINITIALIZED_AUTOS = YES_AGGRESSIVE;
				GCC_WARN_UNUSED_FUNCTION = YES;
				GCC_WARN_UNUSED_VARIABLE = YES;
				IPHONEOS_DEPLOYMENT_TARGET = 14.4;
				MTL_ENABLE_DEBUG_INFO = NO;
				MTL_FAST_MATH = YES;
				SDKROOT = iphoneos;
				SWIFT_COMPILATION_MODE = wholemodule;
				SWIFT_OPTIMIZATION_LEVEL = "-O";
				VALIDATE_PRODUCT = YES;
			};
			name = Release;
		};
		0E070869262F3FE000C8389E /* Debug */ = {
			isa = XCBuildConfiguration;
			buildSettings = {
				ASSETCATALOG_COMPILER_APPICON_NAME = AppIcon;
				ASSETCATALOG_COMPILER_GLOBAL_ACCENT_COLOR_NAME = AccentColor;
				CODE_SIGN_STYLE = Automatic;
				DEVELOPMENT_ASSET_PATHS = "\"Landmarks/Preview Content\"";
				DEVELOPMENT_TEAM = F9DU4PRQQ6;
				ENABLE_PREVIEWS = YES;
				INFOPLIST_FILE = Landmarks/Info.plist;
				IPHONEOS_DEPLOYMENT_TARGET = 14.0;
				LD_RUNPATH_SEARCH_PATHS = (
					"$(inherited)",
					"@executable_path/Frameworks",
				);
				PRODUCT_BUNDLE_IDENTIFIER = com.juanbonforti.Landmarks;
				PRODUCT_NAME = "$(TARGET_NAME)";
				SWIFT_VERSION = 5.0;
				TARGETED_DEVICE_FAMILY = "1,2";
			};
			name = Debug;
		};
		0E07086A262F3FE000C8389E /* Release */ = {
			isa = XCBuildConfiguration;
			buildSettings = {
				ASSETCATALOG_COMPILER_APPICON_NAME = AppIcon;
				ASSETCATALOG_COMPILER_GLOBAL_ACCENT_COLOR_NAME = AccentColor;
				CODE_SIGN_STYLE = Automatic;
				DEVELOPMENT_ASSET_PATHS = "\"Landmarks/Preview Content\"";
				DEVELOPMENT_TEAM = F9DU4PRQQ6;
				ENABLE_PREVIEWS = YES;
				INFOPLIST_FILE = Landmarks/Info.plist;
				IPHONEOS_DEPLOYMENT_TARGET = 14.0;
				LD_RUNPATH_SEARCH_PATHS = (
					"$(inherited)",
					"@executable_path/Frameworks",
				);
				PRODUCT_BUNDLE_IDENTIFIER = com.juanbonforti.Landmarks;
				PRODUCT_NAME = "$(TARGET_NAME)";
				SWIFT_VERSION = 5.0;
				TARGETED_DEVICE_FAMILY = "1,2";
			};
			name = Release;
		};
/* End XCBuildConfiguration section */

/* Begin XCConfigurationList section */
		0E070854262F3FD900C8389E /* Build configuration list for PBXProject "Landmarks" */ = {
			isa = XCConfigurationList;
			buildConfigurations = (
				0E070866262F3FE000C8389E /* Debug */,
				0E070867262F3FE000C8389E /* Release */,
			);
			defaultConfigurationIsVisible = 0;
			defaultConfigurationName = Release;
		};
		0E070868262F3FE000C8389E /* Build configuration list for PBXNativeTarget "Landmarks" */ = {
			isa = XCConfigurationList;
			buildConfigurations = (
				0E070869262F3FE000C8389E /* Debug */,
				0E07086A262F3FE000C8389E /* Release */,
			);
			defaultConfigurationIsVisible = 0;
			defaultConfigurationName = Release;
		};
/* End XCConfigurationList section */
	};
	rootObject = 0E070851262F3FD900C8389E /* Project object */;
}
